
Microsoft Visual Studio Solution File, Format Version 12.00
# Visual Studio Version 16
VisualStudioVersion = 16.0.30907.101
MinimumVisualStudioVersion = 10.0.40219.1
Project("{FAE04EC0-301F-11D3-BF4B-00C04F79EFBC}") = "WpfPractice", "WpfPractice\WpfPractice.csproj", "{4D06F322-DBD7-4FFA-A80C-E4AF9E63246D}"
EndProject
Global
	GlobalSection(SolutionConfigurationPlatforms) = preSolution
		Debug|Any CPU = Debug|Any CPU
		Release|Any CPU = Release|Any CPU
	EndGlobalSection
	GlobalSection(ProjectConfigurationPlatforms) = postSolution
		{4D06F322-DBD7-4FFA-A80C-E4AF9E63246D}.Debug|Any CPU.ActiveCfg = Debug|Any CPU
		{4D06F322-DBD7-4FFA-A80C-E4AF9E63246D}.Debug|Any CPU.Build.0 = Debug|Any CPU
		{4D06F322-DBD7-4FFA-A80C-E4AF9E63246D}.Release|Any CPU.ActiveCfg = Release|Any CPU
		{4D06F322-DBD7-4FFA-A80C-E4AF9E63246D}.Release|Any CPU.Build.0 = Release|Any CPU
	EndGlobalSection
	GlobalSection(SolutionProperties) = preSolution
		HideSolutionNode = FALSE
	EndGlobalSection
	GlobalSection(ExtensibilityGlobals) = postSolution
		SolutionGuid = {CD212503-B638-402A-8AB1-2DBB13E5F09F}
	EndGlobalSection
EndGlobal
